
Microsoft Visual Studio Solution File, Format Version 12.00
# Visual Studio Version 17
VisualStudioVersion = 17.2.32516.85
MinimumVisualStudioVersion = 10.0.40219.1
Project("{FAE04EC0-301F-11D3-BF4B-00C04F79EFBC}") = "MacroCalorieBMITracker", "MacroCalorieBMITracker\MacroCalorieBMITracker.csproj", "{D008536A-8F88-4F3A-833E-2AF7F73DC6A6}"
EndProject
Global
	GlobalSection(SolutionConfigurationPlatforms) = preSolution
		Debug|Any CPU = Debug|Any CPU
		Release|Any CPU = Release|Any CPU
	EndGlobalSection
	GlobalSection(ProjectConfigurationPlatforms) = postSolution
		{D008536A-8F88-4F3A-833E-2AF7F73DC6A6}.Debug|Any CPU.ActiveCfg = Debug|Any CPU
		{D008536A-8F88-4F3A-833E-2AF7F73DC6A6}.Debug|Any CPU.Build.0 = Debug|Any CPU
		{D008536A-8F88-4F3A-833E-2AF7F73DC6A6}.Release|Any CPU.ActiveCfg = Release|Any CPU
		{D008536A-8F88-4F3A-833E-2AF7F73DC6A6}.Release|Any CPU.Build.0 = Release|Any CPU
	EndGlobalSection
	GlobalSection(SolutionProperties) = preSolution
		HideSolutionNode = FALSE
	EndGlobalSection
	GlobalSection(ExtensibilityGlobals) = postSolution
		SolutionGuid = {0FAB364E-7DCB-4B80-BA75-01DDA74BEF4B}
	EndGlobalSection
EndGlobal
